
Microsoft Visual Studio Solution File, Format Version 12.00
# Visual Studio Version 17
VisualStudioVersion = 17.8.34511.84
MinimumVisualStudioVersion = 10.0.40219.1
Project("{9A19103F-16F7-4668-BE54-9A1E7A4F7556}") = "EntityLayer", "EntityLayer\EntityLayer.csproj", "{8A66A521-41F6-4ACF-B742-3DE7E6F201C1}"
EndProject
Project("{9A19103F-16F7-4668-BE54-9A1E7A4F7556}") = "DataAccessLayer", "DataAccessLayer\DataAccessLayer.csproj", "{42DBE94B-D99A-419E-AB43-9162E9AC3291}"
EndProject
Project("{9A19103F-16F7-4668-BE54-9A1E7A4F7556}") = "BusinessLayer", "BusinessLayer\BusinessLayer.csproj", "{F7A0E62A-C104-4C3A-B8F3-362A89F4A08D}"
EndProject
Project("{9A19103F-16F7-4668-BE54-9A1E7A4F7556}") = "TraversalCore", "TraversalCore\TraversalCore.csproj", "{C173625B-D40E-4A7B-9607-D28E07AEB6DE}"
EndProject
Project("{9A19103F-16F7-4668-BE54-9A1E7A4F7556}") = "DTOLayer", "DTOLayer\DTOLayer.csproj", "{5BAC34BB-6A64-4A85-A5AA-D2CFCB2074A2}"
EndProject
Project("{FAE04EC0-301F-11D3-BF4B-00C04F79EFBC}") = "TraversalApiProject", "TraversalApiProject\TraversalApiProject.csproj", "{F82BE32D-D545-4C2C-A940-C7142E9C2FE7}"
EndProject
Global
	GlobalSection(SolutionConfigurationPlatforms) = preSolution
		Debug|Any CPU = Debug|Any CPU
		Release|Any CPU = Release|Any CPU
	EndGlobalSection
	GlobalSection(ProjectConfigurationPlatforms) = postSolution
		{8A66A521-41F6-4ACF-B742-3DE7E6F201C1}.Debug|Any CPU.ActiveCfg = Debug|Any CPU
		{8A66A521-41F6-4ACF-B742-3DE7E6F201C1}.Debug|Any CPU.Build.0 = Debug|Any CPU
		{8A66A521-41F6-4ACF-B742-3DE7E6F201C1}.Release|Any CPU.ActiveCfg = Release|Any CPU
		{8A66A521-41F6-4ACF-B742-3DE7E6F201C1}.Release|Any CPU.Build.0 = Release|Any CPU
		{42DBE94B-D99A-419E-AB43-9162E9AC3291}.Debug|Any CPU.ActiveCfg = Debug|Any CPU
		{42DBE94B-D99A-419E-AB43-9162E9AC3291}.Debug|Any CPU.Build.0 = Debug|Any CPU
		{42DBE94B-D99A-419E-AB43-9162E9AC3291}.Release|Any CPU.ActiveCfg = Release|Any CPU
		{42DBE94B-D99A-419E-AB43-9162E9AC3291}.Release|Any CPU.Build.0 = Release|Any CPU
		{F7A0E62A-C104-4C3A-B8F3-362A89F4A08D}.Debug|Any CPU.ActiveCfg = Debug|Any CPU
		{F7A0E62A-C104-4C3A-B8F3-362A89F4A08D}.Debug|Any CPU.Build.0 = Debug|Any CPU
		{F7A0E62A-C104-4C3A-B8F3-362A89F4A08D}.Release|Any CPU.ActiveCfg = Release|Any CPU
		{F7A0E62A-C104-4C3A-B8F3-362A89F4A08D}.Release|Any CPU.Build.0 = Release|Any CPU
		{C173625B-D40E-4A7B-9607-D28E07AEB6DE}.Debug|Any CPU.ActiveCfg = Debug|Any CPU
		{C173625B-D40E-4A7B-9607-D28E07AEB6DE}.Debug|Any CPU.Build.0 = Debug|Any CPU
		{C173625B-D40E-4A7B-9607-D28E07AEB6DE}.Release|Any CPU.ActiveCfg = Release|Any CPU
		{C173625B-D40E-4A7B-9607-D28E07AEB6DE}.Release|Any CPU.Build.0 = Release|Any CPU
		{5BAC34BB-6A64-4A85-A5AA-D2CFCB2074A2}.Debug|Any CPU.ActiveCfg = Debug|Any CPU
		{5BAC34BB-6A64-4A85-A5AA-D2CFCB2074A2}.Debug|Any CPU.Build.0 = Debug|Any CPU
		{5BAC34BB-6A64-4A85-A5AA-D2CFCB2074A2}.Release|Any CPU.ActiveCfg = Release|Any CPU
		{5BAC34BB-6A64-4A85-A5AA-D2CFCB2074A2}.Release|Any CPU.Build.0 = Release|Any CPU
		{F82BE32D-D545-4C2C-A940-C7142E9C2FE7}.Debug|Any CPU.ActiveCfg = Debug|Any CPU
		{F82BE32D-D545-4C2C-A940-C7142E9C2FE7}.Debug|Any CPU.Build.0 = Debug|Any CPU
		{F82BE32D-D545-4C2C-A940-C7142E9C2FE7}.Release|Any CPU.ActiveCfg = Release|Any CPU
		{F82BE32D-D545-4C2C-A940-C7142E9C2FE7}.Release|Any CPU.Build.0 = Release|Any CPU
	EndGlobalSection
	GlobalSection(SolutionProperties) = preSolution
		HideSolutionNode = FALSE
	EndGlobalSection
	GlobalSection(ExtensibilityGlobals) = postSolution
		SolutionGuid = {949DBAD6-0A62-4847-ADE6-035E175C3635}
	EndGlobalSection
EndGlobal
